
Microsoft Visual Studio Solution File, Format Version 12.00
# Visual Studio Version 16
VisualStudioVersion = 16.0.31205.134
MinimumVisualStudioVersion = 10.0.40219.1
Project("{9A19103F-16F7-4668-BE54-9A1E7A4F7556}") = "AppLivros.API", "AppLivros.API.csproj", "{AB106F2C-E168-456F-8587-30E5E2CD3E0C}"
EndProject
Project("{9A19103F-16F7-4668-BE54-9A1E7A4F7556}") = "AppLivros.Data", "..\AppLivros.Data\AppLivros.Data.csproj", "{F3580E0D-1797-4343-B499-7373DC6A6A73}"
EndProject
Project("{9A19103F-16F7-4668-BE54-9A1E7A4F7556}") = "AppLivros.Domain", "..\AppLivros.Domain\AppLivros.Domain.csproj", "{22F7D357-DD08-41E7-8D8C-831B30868091}"
EndProject
Global
	GlobalSection(SolutionConfigurationPlatforms) = preSolution
		Debug|Any CPU = Debug|Any CPU
		Release|Any CPU = Release|Any CPU
	EndGlobalSection
	GlobalSection(ProjectConfigurationPlatforms) = postSolution
		{AB106F2C-E168-456F-8587-30E5E2CD3E0C}.Debug|Any CPU.ActiveCfg = Debug|Any CPU
		{AB106F2C-E168-456F-8587-30E5E2CD3E0C}.Debug|Any CPU.Build.0 = Debug|Any CPU
		{AB106F2C-E168-456F-8587-30E5E2CD3E0C}.Release|Any CPU.ActiveCfg = Release|Any CPU
		{AB106F2C-E168-456F-8587-30E5E2CD3E0C}.Release|Any CPU.Build.0 = Release|Any CPU
		{F3580E0D-1797-4343-B499-7373DC6A6A73}.Debug|Any CPU.ActiveCfg = Debug|Any CPU
		{F3580E0D-1797-4343-B499-7373DC6A6A73}.Debug|Any CPU.Build.0 = Debug|Any CPU
		{F3580E0D-1797-4343-B499-7373DC6A6A73}.Release|Any CPU.ActiveCfg = Release|Any CPU
		{F3580E0D-1797-4343-B499-7373DC6A6A73}.Release|Any CPU.Build.0 = Release|Any CPU
		{22F7D357-DD08-41E7-8D8C-831B30868091}.Debug|Any CPU.ActiveCfg = Debug|Any CPU
		{22F7D357-DD08-41E7-8D8C-831B30868091}.Debug|Any CPU.Build.0 = Debug|Any CPU
		{22F7D357-DD08-41E7-8D8C-831B30868091}.Release|Any CPU.ActiveCfg = Release|Any CPU
		{22F7D357-DD08-41E7-8D8C-831B30868091}.Release|Any CPU.Build.0 = Release|Any CPU
	EndGlobalSection
	GlobalSection(SolutionProperties) = preSolution
		HideSolutionNode = FALSE
	EndGlobalSection
	GlobalSection(ExtensibilityGlobals) = postSolution
		SolutionGuid = {26810A60-2F14-485E-BAE9-684F0757D56B}
	EndGlobalSection
EndGlobal
